
Microsoft Visual Studio Solution File, Format Version 11.00
# Visual Studio 2010
Project("{FAE04EC0-301F-11D3-BF4B-00C04F79EFBC}") = "BackendConnector", "BackendConnector\BackendConnector.csproj", "{84BBD4E9-F33B-490A-8BC6-C764A91C87BC}"
EndProject
Project("{54435603-DBB4-11D2-8724-00A0C9A8B90C}") = "BackEndConnectorSetup", "BackEndConnectorSetup\BackEndConnectorSetup.vdproj", "{DED5B7BC-FDEA-4713-8D2D-C5BC941E5AE9}"
EndProject
Global
	GlobalSection(SolutionConfigurationPlatforms) = preSolution
		Debug|Any CPU = Debug|Any CPU
		Debug|Mixed Platforms = Debug|Mixed Platforms
		Debug|x86 = Debug|x86
		Release|Any CPU = Release|Any CPU
		Release|Mixed Platforms = Release|Mixed Platforms
		Release|x86 = Release|x86
	EndGlobalSection
	GlobalSection(ProjectConfigurationPlatforms) = postSolution
		{84BBD4E9-F33B-490A-8BC6-C764A91C87BC}.Debug|Any CPU.ActiveCfg = Debug|Any CPU
		{84BBD4E9-F33B-490A-8BC6-C764A91C87BC}.Debug|Any CPU.Build.0 = Debug|Any CPU
		{84BBD4E9-F33B-490A-8BC6-C764A91C87BC}.Debug|Mixed Platforms.ActiveCfg = Debug|Any CPU
		{84BBD4E9-F33B-490A-8BC6-C764A91C87BC}.Debug|Mixed Platforms.Build.0 = Debug|Any CPU
		{84BBD4E9-F33B-490A-8BC6-C764A91C87BC}.Debug|x86.ActiveCfg = Debug|Any CPU
		{84BBD4E9-F33B-490A-8BC6-C764A91C87BC}.Release|Any CPU.ActiveCfg = Release|Any CPU
		{84BBD4E9-F33B-490A-8BC6-C764A91C87BC}.Release|Any CPU.Build.0 = Release|Any CPU
		{84BBD4E9-F33B-490A-8BC6-C764A91C87BC}.Release|Mixed Platforms.ActiveCfg = Release|Any CPU
		{84BBD4E9-F33B-490A-8BC6-C764A91C87BC}.Release|Mixed Platforms.Build.0 = Release|Any CPU
		{84BBD4E9-F33B-490A-8BC6-C764A91C87BC}.Release|x86.ActiveCfg = Release|Any CPU
		{DED5B7BC-FDEA-4713-8D2D-C5BC941E5AE9}.Debug|Any CPU.ActiveCfg = Debug
		{DED5B7BC-FDEA-4713-8D2D-C5BC941E5AE9}.Debug|Mixed Platforms.ActiveCfg = Debug
		{DED5B7BC-FDEA-4713-8D2D-C5BC941E5AE9}.Debug|x86.ActiveCfg = Debug
		{DED5B7BC-FDEA-4713-8D2D-C5BC941E5AE9}.Release|Any CPU.ActiveCfg = Release
		{DED5B7BC-FDEA-4713-8D2D-C5BC941E5AE9}.Release|Mixed Platforms.ActiveCfg = Release
		{DED5B7BC-FDEA-4713-8D2D-C5BC941E5AE9}.Release|x86.ActiveCfg = Release
	EndGlobalSection
	GlobalSection(SolutionProperties) = preSolution
		HideSolutionNode = FALSE
	EndGlobalSection
EndGlobal
