
Microsoft Visual Studio Solution File, Format Version 11.00
# Visual Studio 2010
Project("{FAE04EC0-301F-11D3-BF4B-00C04F79EFBC}") = "PHCServiceConnector", "PHCServiceConnector\PHCServiceConnector.csproj", "{DFC33A8E-2A84-41B4-8C3D-41476A306E79}"
EndProject
Project("{FAE04EC0-301F-11D3-BF4B-00C04F79EFBC}") = "AppFabricCachingCore", "AppFabricCachingCore\AppFabricCachingCore.csproj", "{18F81DA0-AB4B-4919-88AC-7C04AB23B507}"
EndProject
Global
	GlobalSection(SolutionConfigurationPlatforms) = preSolution
		Debug|Any CPU = Debug|Any CPU
		Release|Any CPU = Release|Any CPU
	EndGlobalSection
	GlobalSection(ProjectConfigurationPlatforms) = postSolution
		{DFC33A8E-2A84-41B4-8C3D-41476A306E79}.Debug|Any CPU.ActiveCfg = Debug|Any CPU
		{DFC33A8E-2A84-41B4-8C3D-41476A306E79}.Debug|Any CPU.Build.0 = Debug|Any CPU
		{DFC33A8E-2A84-41B4-8C3D-41476A306E79}.Release|Any CPU.ActiveCfg = Release|Any CPU
		{DFC33A8E-2A84-41B4-8C3D-41476A306E79}.Release|Any CPU.Build.0 = Release|Any CPU
		{18F81DA0-AB4B-4919-88AC-7C04AB23B507}.Debug|Any CPU.ActiveCfg = Debug|Any CPU
		{18F81DA0-AB4B-4919-88AC-7C04AB23B507}.Debug|Any CPU.Build.0 = Debug|Any CPU
		{18F81DA0-AB4B-4919-88AC-7C04AB23B507}.Release|Any CPU.ActiveCfg = Release|Any CPU
		{18F81DA0-AB4B-4919-88AC-7C04AB23B507}.Release|Any CPU.Build.0 = Release|Any CPU
	EndGlobalSection
	GlobalSection(SolutionProperties) = preSolution
		HideSolutionNode = FALSE
	EndGlobalSection
EndGlobal
